
Microsoft Visual Studio Solution File, Format Version 12.00
# Visual Studio Version 17
VisualStudioVersion = 17.10.34804.81
MinimumVisualStudioVersion = 10.0.40219.1
Project("{2150E333-8FDC-42A3-9474-1A3956D46DE8}") = "src", "src", "{61C9CA3F-368D-4BCB-A90E-8E618196A52E}"
EndProject
Project("{2150E333-8FDC-42A3-9474-1A3956D46DE8}") = "tests", "tests", "{9D7D7F37-9EC7-418D-A45F-76A6A369FB23}"
EndProject
Project("{9A19103F-16F7-4668-BE54-9A1E7A4F7556}") = "Veritec.TaxCalculator.Australia.Console", "src\Veritec.TaxCalculator.Australia.Console\Veritec.TaxCalculator.Australia.Console.csproj", "{D8251818-B927-4251-BAC2-775B54195C6F}"
EndProject
Project("{9A19103F-16F7-4668-BE54-9A1E7A4F7556}") = "Veritec.TaxCalculator.Australia", "src\Veritec.TaxCalulator.Australia\Veritec.TaxCalculator.Australia.csproj", "{6647023C-4DD3-49E9-A11F-0560EBC17EAF}"
EndProject
Project("{9A19103F-16F7-4668-BE54-9A1E7A4F7556}") = "Veritec.TaxCalculator.Core", "src\Veritec.TaxCalulator.Core\Veritec.TaxCalculator.Core.csproj", "{46188C5F-F6BB-4846-A120-5122B7227F64}"
EndProject
Global
	GlobalSection(SolutionConfigurationPlatforms) = preSolution
		Debug|Any CPU = Debug|Any CPU
		Release|Any CPU = Release|Any CPU
	EndGlobalSection
	GlobalSection(ProjectConfigurationPlatforms) = postSolution
		{D8251818-B927-4251-BAC2-775B54195C6F}.Debug|Any CPU.ActiveCfg = Debug|Any CPU
		{D8251818-B927-4251-BAC2-775B54195C6F}.Debug|Any CPU.Build.0 = Debug|Any CPU
		{D8251818-B927-4251-BAC2-775B54195C6F}.Release|Any CPU.ActiveCfg = Release|Any CPU
		{D8251818-B927-4251-BAC2-775B54195C6F}.Release|Any CPU.Build.0 = Release|Any CPU
		{6647023C-4DD3-49E9-A11F-0560EBC17EAF}.Debug|Any CPU.ActiveCfg = Debug|Any CPU
		{6647023C-4DD3-49E9-A11F-0560EBC17EAF}.Debug|Any CPU.Build.0 = Debug|Any CPU
		{6647023C-4DD3-49E9-A11F-0560EBC17EAF}.Release|Any CPU.ActiveCfg = Release|Any CPU
		{6647023C-4DD3-49E9-A11F-0560EBC17EAF}.Release|Any CPU.Build.0 = Release|Any CPU
		{46188C5F-F6BB-4846-A120-5122B7227F64}.Debug|Any CPU.ActiveCfg = Debug|Any CPU
		{46188C5F-F6BB-4846-A120-5122B7227F64}.Debug|Any CPU.Build.0 = Debug|Any CPU
		{46188C5F-F6BB-4846-A120-5122B7227F64}.Release|Any CPU.ActiveCfg = Release|Any CPU
		{46188C5F-F6BB-4846-A120-5122B7227F64}.Release|Any CPU.Build.0 = Release|Any CPU
	EndGlobalSection
	GlobalSection(SolutionProperties) = preSolution
		HideSolutionNode = FALSE
	EndGlobalSection
	GlobalSection(NestedProjects) = preSolution
		{D8251818-B927-4251-BAC2-775B54195C6F} = {61C9CA3F-368D-4BCB-A90E-8E618196A52E}
		{6647023C-4DD3-49E9-A11F-0560EBC17EAF} = {61C9CA3F-368D-4BCB-A90E-8E618196A52E}
		{46188C5F-F6BB-4846-A120-5122B7227F64} = {61C9CA3F-368D-4BCB-A90E-8E618196A52E}
	EndGlobalSection
	GlobalSection(ExtensibilityGlobals) = postSolution
		SolutionGuid = {0A2AC377-7953-4DE1-A7B6-E6E4606CBAD3}
	EndGlobalSection
EndGlobal
